{
  "name": "stock",
  "lockfileVersion": 2,
  "requires": true,
  "packages": {
    "": {
      "dependencies": {
        "next-link": "^2.0.0"
      }
    },
    "node_modules/next-link": {
      "version": "2.0.0",
      "resolved": "https://registry.npmjs.org/next-link/-/next-link-2.0.0.tgz",
      "integrity": "sha512-aXT3ge5A97E+8jkjiWXf5uqw4NfT43vWV8YxoO91z8wURg16dlHOc8CmjHYMftaJDj9jQuJSTbg4TyaeiSBijQ==",
      "deprecated": "WARNING: This project has been renamed to next-preload-headers. Install using next-preload-headers instead.",
      "dependencies": {
        "on-headers": "^1.0.1"
      }
    },
    "node_modules/on-headers": {
      "version": "1.0.2",
      "resolved": "https://registry.npmjs.org/on-headers/-/on-headers-1.0.2.tgz",
      "integrity": "sha512-pZAE+FJLoyITytdqK0U5s+FIpjN0JP3OzFi/u8Rx+EV5/W+JTWGXG8xFzevE7AjBfDqHv/8vL8qQsIhHnqRkrA==",
      "engines": {
        "node": ">= 0.8"
      }
    }
  },
  "dependencies": {
    "next-link": {
      "version": "2.0.0",
      "resolved": "https://registry.npmjs.org/next-link/-/next-link-2.0.0.tgz",
      "integrity": "sha512-aXT3ge5A97E+8jkjiWXf5uqw4NfT43vWV8YxoO91z8wURg16dlHOc8CmjHYMftaJDj9jQuJSTbg4TyaeiSBijQ==",
      "requires": {
        "on-headers": "^1.0.1"
      }
    },
    "on-headers": {
      "version": "1.0.2",
      "resolved": "https://registry.npmjs.org/on-headers/-/on-headers-1.0.2.tgz",
      "integrity": "sha512-pZAE+FJLoyITytdqK0U5s+FIpjN0JP3OzFi/u8Rx+EV5/W+JTWGXG8xFzevE7AjBfDqHv/8vL8qQsIhHnqRkrA=="
    }
  }
}
